
Microsoft Visual Studio Solution File, Format Version 12.00
# Visual Studio Version 17
VisualStudioVersion = 17.1.32328.378
MinimumVisualStudioVersion = 10.0.40219.1
Project("{FAE04EC0-301F-11D3-BF4B-00C04F79EFBC}") = "Repo2", "Repo2\Repo2.csproj", "{C22E0959-521B-436A-A65D-6EB78AB8E25A}"
EndProject
Global
	GlobalSection(SolutionConfigurationPlatforms) = preSolution
		Debug|Any CPU = Debug|Any CPU
		Release|Any CPU = Release|Any CPU
	EndGlobalSection
	GlobalSection(ProjectConfigurationPlatforms) = postSolution
		{C22E0959-521B-436A-A65D-6EB78AB8E25A}.Debug|Any CPU.ActiveCfg = Debug|Any CPU
		{C22E0959-521B-436A-A65D-6EB78AB8E25A}.Debug|Any CPU.Build.0 = Debug|Any CPU
		{C22E0959-521B-436A-A65D-6EB78AB8E25A}.Release|Any CPU.ActiveCfg = Release|Any CPU
		{C22E0959-521B-436A-A65D-6EB78AB8E25A}.Release|Any CPU.Build.0 = Release|Any CPU
	EndGlobalSection
	GlobalSection(SolutionProperties) = preSolution
		HideSolutionNode = FALSE
	EndGlobalSection
	GlobalSection(ExtensibilityGlobals) = postSolution
		SolutionGuid = {0BD6B4C2-FD50-42E4-89A3-CB03542DA774}
	EndGlobalSection
EndGlobal
